github.com/amarnathcjd/gogram v0.0.0-20240723163819-4ac38db2f8c5 h1:vRXz5txgGCsMAS0nmuKNREXn/Zpmptg5eINC2n+T9GE=
github.com/amarnathcjd/gogram v0.0.0-20240723163819-4ac38db2f8c5/go.mod h1:FQm1+dTno8BT/s99snAiNZcJAs7U3rpkroFMvPDDM6A=
github.com/joho/godotenv v1.5.1 h1:7eLL/+HRGLY0ldzfGMeQkb7vMd0as4CfYvUVzLqw0N0=
github.com/joho/godotenv v1.5.1/go.mod h1:f4LDr5Voq0i2e/R5DDNOoa2zzDfwtkZa6DnEwAbqwq4=
github.com/pkg/errors v0.9.1 h1:FEBLx1zS214owpjy7qsBeixbURkuhQAwrK5UwLGTwt4=
github.com/pkg/errors v0.9.1/go.mod h1:bwawxfHBFNV+L2hUp1rHADufV3IMtnDRdf1r5NINEl0=
golang.org/x/net v0.26.0 h1:soB7SVo0PWrY4vPW/+ay0jKDNScG2X9wFeYlXIvJsOQ=
golang.org/x/net v0.26.0/go.mod h1:5YKkiSynbBIh3p6iOc/vibscux0x38BZDkn8sCUPxHE=
